// !$*UTF8*$!
{
	archiveVersion = 1;
	classes = {
	};
	objectVersion = 55;
	objects = {

/* Begin PBXBuildFile section */
		2AA48F46E1FD47A3CF7A33C4 /* Pods_quizzy.framework in Frameworks */ = {isa = PBXBuildFile; fileRef = 3142CC0F2E2A45849D99B982 /* Pods_quizzy.framework */; };
		CD8EB55729C213C100FF2877 /* OptionCell.swift in Sources */ = {isa = PBXBuildFile; fileRef = CD8EB55629C213C100FF2877 /* OptionCell.swift */; };
		CDB65A4C29C0B0AC00C17875 /* AppDelegate.swift in Sources */ = {isa = PBXBuildFile; fileRef = CDB65A4B29C0B0AC00C17875 /* AppDelegate.swift */; };
		CDB65A4E29C0B0AC00C17875 /* SceneDelegate.swift in Sources */ = {isa = PBXBuildFile; fileRef = CDB65A4D29C0B0AC00C17875 /* SceneDelegate.swift */; };
		CDB65A5029C0B0AC00C17875 /* ViewController.swift in Sources */ = {isa = PBXBuildFile; fileRef = CDB65A4F29C0B0AC00C17875 /* ViewController.swift */; };
		CDB65A5329C0B0AC00C17875 /* Main.storyboard in Resources */ = {isa = PBXBuildFile; fileRef = CDB65A5129C0B0AC00C17875 /* Main.storyboard */; };
		CDB65A5529C0B0AD00C17875 /* Assets.xcassets in Resources */ = {isa = PBXBuildFile; fileRef = CDB65A5429C0B0AD00C17875 /* Assets.xcassets */; };
		CDB65A5829C0B0AD00C17875 /* LaunchScreen.storyboard in Resources */ = {isa = PBXBuildFile; fileRef = CDB65A5629C0B0AD00C17875 /* LaunchScreen.storyboard */; };
/* End PBXBuildFile section */

/* Begin PBXFileReference section */
		3142CC0F2E2A45849D99B982 /* Pods_quizzy.framework */ = {isa = PBXFileReference; explicitFileType = wrapper.framework; includeInIndex = 0; path = Pods_quizzy.framework; sourceTree = BUILT_PRODUCTS_DIR; };
		9FF54D614151C7312055B3F0 /* Pods-quizzy.debug.xcconfig */ = {isa = PBXFileReference; includeInIndex = 1; lastKnownFileType = text.xcconfig; name = "Pods-quizzy.debug.xcconfig"; path = "Target Support Files/Pods-quizzy/Pods-quizzy.debug.xcconfig"; sourceTree = "<group>"; };
		CD8EB55629C213C100FF2877 /* OptionCell.swift */ = {isa = PBXFileReference; lastKnownFileType = sourcecode.swift; path = OptionCell.swift; sourceTree = "<group>"; };
		CDB65A4829C0B0AC00C17875 /* quizzy.app */ = {isa = PBXFileReference; explicitFileType = wrapper.application; includeInIndex = 0; path = quizzy.app; sourceTree = BUILT_PRODUCTS_DIR; };
		CDB65A4B29C0B0AC00C17875 /* AppDelegate.swift */ = {isa = PBXFileReference; lastKnownFileType = sourcecode.swift; path = AppDelegate.swift; sourceTree = "<group>"; };
		CDB65A4D29C0B0AC00C17875 /* SceneDelegate.swift */ = {isa = PBXFileReference; lastKnownFileType = sourcecode.swift; path = SceneDelegate.swift; sourceTree = "<group>"; };
		CDB65A4F29C0B0AC00C17875 /* ViewController.swift */ = {isa = PBXFileReference; lastKnownFileType = sourcecode.swift; path = ViewController.swift; sourceTree = "<group>"; };
		CDB65A5229C0B0AC00C17875 /* Base */ = {isa = PBXFileReference; lastKnownFileType = file.storyboard; name = Base; path = Base.lproj/Main.storyboard; sourceTree = "<group>"; };
		CDB65A5429C0B0AD00C17875 /* Assets.xcassets */ = {isa = PBXFileReference; lastKnownFileType = folder.assetcatalog; path = Assets.xcassets; sourceTree = "<group>"; };
		CDB65A5729C0B0AD00C17875 /* Base */ = {isa = PBXFileReference; lastKnownFileType = file.storyboard; name = Base; path = Base.lproj/LaunchScreen.storyboard; sourceTree = "<group>"; };
		CDB65A5929C0B0AD00C17875 /* Info.plist */ = {isa = PBXFileReference; lastKnownFileType = text.plist.xml; path = Info.plist; sourceTree = "<group>"; };
		D8FC019D3C059457153E991D /* Pods-quizzy.release.xcconfig */ = {isa = PBXFileReference; includeInIndex = 1; lastKnownFileType = text.xcconfig; name = "Pods-quizzy.release.xcconfig"; path = "Target Support Files/Pods-quizzy/Pods-quizzy.release.xcconfig"; sourceTree = "<group>"; };
/* End PBXFileReference section */

/* Begin PBXFrameworksBuildPhase section */
		CDB65A4529C0B0AC00C17875 /* Frameworks */ = {
			isa = PBXFrameworksBuildPhase;
			buildActionMask = 2147483647;
			files = (
				2AA48F46E1FD47A3CF7A33C4 /* Pods_quizzy.framework in Frameworks */,
			);
			runOnlyForDeploymentPostprocessing = 0;
		};
/* End PBXFrameworksBuildPhase section */

/* Begin PBXGroup section */
		07C985205EB78ACD122CAC7C /* Frameworks */ = {
			isa = PBXGroup;
			children = (
				3142CC0F2E2A45849D99B982 /* Pods_quizzy.framework */,
			);
			name = Frameworks;
			sourceTree = "<group>";
		};
		9D7844349D9902095B396865 /* Pods */ = {
			isa = PBXGroup;
			children = (
				9FF54D614151C7312055B3F0 /* Pods-quizzy.debug.xcconfig */,
				D8FC019D3C059457153E991D /* Pods-quizzy.release.xcconfig */,
			);
			path = Pods;
			sourceTree = "<group>";
		};
		CDB65A3F29C0B0AC00C17875 = {
			isa = PBXGroup;
			children = (
				CDB65A4A29C0B0AC00C17875 /* quizzy */,
				CDB65A4929C0B0AC00C17875 /* Products */,
				9D7844349D9902095B396865 /* Pods */,
				07C985205EB78ACD122CAC7C /* Frameworks */,
			);
			sourceTree = "<group>";
		};
		CDB65A4929C0B0AC00C17875 /* Products */ = {
			isa = PBXGroup;
			children = (
				CDB65A4829C0B0AC00C17875 /* quizzy.app */,
			);
			name = Products;
			sourceTree = "<group>";
		};
		CDB65A4A29C0B0AC00C17875 /* quizzy */ = {
			isa = PBXGroup;
			children = (
				CDB65A4B29C0B0AC00C17875 /* AppDelegate.swift */,
				CDB65A4D29C0B0AC00C17875 /* SceneDelegate.swift */,
				CDB65A4F29C0B0AC00C17875 /* ViewController.swift */,
				CD8EB55629C213C100FF2877 /* OptionCell.swift */,
				CDB65A5129C0B0AC00C17875 /* Main.storyboard */,
				CDB65A5429C0B0AD00C17875 /* Assets.xcassets */,
				CDB65A5629C0B0AD00C17875 /* LaunchScreen.storyboard */,
				CDB65A5929C0B0AD00C17875 /* Info.plist */,
			);
			path = quizzy;
			sourceTree = "<group>";
		};
/* End PBXGroup section */

/* Begin PBXNativeTarget section */
		CDB65A4729C0B0AC00C17875 /* quizzy */ = {
			isa = PBXNativeTarget;
			buildConfigurationList = CDB65A5C29C0B0AD00C17875 /* Build configuration list for PBXNativeTarget "quizzy" */;
			buildPhases = (
				2F266FC90D4AEC871796213C /* [CP] Check Pods Manifest.lock */,
				CDB65A4429C0B0AC00C17875 /* Sources */,
				CDB65A4529C0B0AC00C17875 /* Frameworks */,
				CDB65A4629C0B0AC00C17875 /* Resources */,
				14C5E56EB8DD5390C0DC6E62 /* [CP] Embed Pods Frameworks */,
			);
			buildRules = (
			);
			dependencies = (
			);
			name = quizzy;
			productName = quizzy;
			productReference = CDB65A4829C0B0AC00C17875 /* quizzy.app */;
			productType = "com.apple.product-type.application";
		};
/* End PBXNativeTarget section */

/* Begin PBXProject section */
		CDB65A4029C0B0AC00C17875 /* Project object */ = {
			isa = PBXProject;
			attributes = {
				BuildIndependentTargetsInParallel = 1;
				LastSwiftUpdateCheck = 1320;
				LastUpgradeCheck = 1320;
				TargetAttributes = {
					CDB65A4729C0B0AC00C17875 = {
						CreatedOnToolsVersion = 13.2.1;
					};
				};
			};
			buildConfigurationList = CDB65A4329C0B0AC00C17875 /* Build configuration list for PBXProject "quizzy" */;
			compatibilityVersion = "Xcode 13.0";
			developmentRegion = en;
			hasScannedForEncodings = 0;
			knownRegions = (
				en,
				Base,
			);
			mainGroup = CDB65A3F29C0B0AC00C17875;
			productRefGroup = CDB65A4929C0B0AC00C17875 /* Products */;
			projectDirPath = "";
			projectRoot = "";
			targets = (
				CDB65A4729C0B0AC00C17875 /* quizzy */,
			);
		};
/* End PBXProject section */

/* Begin PBXResourcesBuildPhase section */
		CDB65A4629C0B0AC00C17875 /* Resources */ = {
			isa = PBXResourcesBuildPhase;
			buildActionMask = 2147483647;
			files = (
				CDB65A5829C0B0AD00C17875 /* LaunchScreen.storyboard in Resources */,
				CDB65A5529C0B0AD00C17875 /* Assets.xcassets in Resources */,
				CDB65A5329C0B0AC00C17875 /* Main.storyboard in Resources */,
			);
			runOnlyForDeploymentPostprocessing = 0;
		};
/* End PBXResourcesBuildPhase section */

/* Begin PBXShellScriptBuildPhase section */
		14C5E56EB8DD5390C0DC6E62 /* [CP] Embed Pods Frameworks */ = {
			isa = PBXShellScriptBuildPhase;
			buildActionMask = 2147483647;
			files = (
			);
			inputFileListPaths = (
				"${PODS_ROOT}/Target Support Files/Pods-quizzy/Pods-quizzy-frameworks-${CONFIGURATION}-input-files.xcfilelist",
			);
			name = "[CP] Embed Pods Frameworks";
			outputFileListPaths = (
				"${PODS_ROOT}/Target Support Files/Pods-quizzy/Pods-quizzy-frameworks-${CONFIGURATION}-output-files.xcfilelist",
			);
			runOnlyForDeploymentPostprocessing = 0;
			shellPath = /bin/sh;
			shellScript = "\"${PODS_ROOT}/Target Support Files/Pods-quizzy/Pods-quizzy-frameworks.sh\"\n";
			showEnvVarsInLog = 0;
		};
		2F266FC90D4AEC871796213C /* [CP] Check Pods Manifest.lock */ = {
			isa = PBXShellScriptBuildPhase;
			buildActionMask = 2147483647;
			files = (
			);
			inputFileListPaths = (
			);
			inputPaths = (
				"${PODS_PODFILE_DIR_PATH}/Podfile.lock",
				"${PODS_ROOT}/Manifest.lock",
			);
			name = "[CP] Check Pods Manifest.lock";
			outputFileListPaths = (
			);
			outputPaths = (
				"$(DERIVED_FILE_DIR)/Pods-quizzy-checkManifestLockResult.txt",
			);
			runOnlyForDeploymentPostprocessing = 0;
			shellPath = /bin/sh;
			shellScript = "diff \"${PODS_PODFILE_DIR_PATH}/Podfile.lock\" \"${PODS_ROOT}/Manifest.lock\" > /dev/null\nif [ $? != 0 ] ; then\n    # print error to STDERR\n    echo \"error: The sandbox is not in sync with the Podfile.lock. Run 'pod install' or update your CocoaPods installation.\" >&2\n    exit 1\nfi\n# This output is used by Xcode 'outputs' to avoid re-running this script phase.\necho \"SUCCESS\" > \"${SCRIPT_OUTPUT_FILE_0}\"\n";
			showEnvVarsInLog = 0;
		};
/* End PBXShellScriptBuildPhase section */

/* Begin PBXSourcesBuildPhase section */
		CDB65A4429C0B0AC00C17875 /* Sources */ = {
			isa = PBXSourcesBuildPhase;
			buildActionMask = 2147483647;
			files = (
				CD8EB55729C213C100FF2877 /* OptionCell.swift in Sources */,
				CDB65A5029C0B0AC00C17875 /* ViewController.swift in Sources */,
				CDB65A4C29C0B0AC00C17875 /* AppDelegate.swift in Sources */,
				CDB65A4E29C0B0AC00C17875 /* SceneDelegate.swift in Sources */,
			);
			runOnlyForDeploymentPostprocessing = 0;
		};
/* End PBXSourcesBuildPhase section */

/* Begin PBXVariantGroup section */
		CDB65A5129C0B0AC00C17875 /* Main.storyboard */ = {
			isa = PBXVariantGroup;
			children = (
				CDB65A5229C0B0AC00C17875 /* Base */,
			);
			name = Main.storyboard;
			sourceTree = "<group>";
		};
		CDB65A5629C0B0AD00C17875 /* LaunchScreen.storyboard */ = {
			isa = PBXVariantGroup;
			children = (
				CDB65A5729C0B0AD00C17875 /* Base */,
			);
			name = LaunchScreen.storyboard;
			sourceTree = "<group>";
		};
/* End PBXVariantGroup section */

/* Begin XCBuildConfiguration section */
		CDB65A5A29C0B0AD00C17875 /* Debug */ = {
			isa = XCBuildConfiguration;
			buildSettings = {
				ALWAYS_SEARCH_USER_PATHS = NO;
				CLANG_ANALYZER_NONNULL = YES;
				CLANG_ANALYZER_NUMBER_OBJECT_CONVERSION = YES_AGGRESSIVE;
				CLANG_CXX_LANGUAGE_STANDARD = "gnu++17";
				CLANG_CXX_LIBRARY = "libc++";
				CLANG_ENABLE_MODULES = YES;
				CLANG_ENABLE_OBJC_ARC = YES;
				CLANG_ENABLE_OBJC_WEAK = YES;
				CLANG_WARN_BLOCK_CAPTURE_AUTORELEASING = YES;
				CLANG_WARN_BOOL_CONVERSION = YES;
				CLANG_WARN_COMMA = YES;
				CLANG_WARN_CONSTANT_CONVERSION = YES;
				CLANG_WARN_DEPRECATED_OBJC_IMPLEMENTATIONS = YES;
				CLANG_WARN_DIRECT_OBJC_ISA_USAGE = YES_ERROR;
				CLANG_WARN_DOCUMENTATION_COMMENTS = YES;
				CLANG_WARN_EMPTY_BODY = YES;
				CLANG_WARN_ENUM_CONVERSION = YES;
				CLANG_WARN_INFINITE_RECURSION = YES;
				CLANG_WARN_INT_CONVERSION = YES;
				CLANG_WARN_NON_LITERAL_NULL_CONVERSION = YES;
				CLANG_WARN_OBJC_IMPLICIT_RETAIN_SELF = YES;
				CLANG_WARN_OBJC_LITERAL_CONVERSION = YES;
				CLANG_WARN_OBJC_ROOT_CLASS = YES_ERROR;
				CLANG_WARN_QUOTED_INCLUDE_IN_FRAMEWORK_HEADER = YES;
				CLANG_WARN_RANGE_LOOP_ANALYSIS = YES;
				CLANG_WARN_STRICT_PROTOTYPES = YES;
				CLANG_WARN_SUSPICIOUS_MOVE = YES;
				CLANG_WARN_UNGUARDED_AVAILABILITY = YES_AGGRESSIVE;
				CLANG_WARN_UNREACHABLE_CODE = YES;
				CLANG_WARN__DUPLICATE_METHOD_MATCH = YES;
				COPY_PHASE_STRIP = NO;
				DEBUG_INFORMATION_FORMAT = dwarf;
				ENABLE_STRICT_OBJC_MSGSEND = YES;
				ENABLE_TESTABILITY = YES;
				GCC_C_LANGUAGE_STANDARD = gnu11;
				GCC_DYNAMIC_NO_PIC = NO;
				GCC_NO_COMMON_BLOCKS = YES;
				GCC_OPTIMIZATION_LEVEL = 0;
				GCC_PREPROCESSOR_DEFINITIONS = (
					"DEBUG=1",
					"$(inherited)",
				);
				GCC_WARN_64_TO_32_BIT_CONVERSION = YES;
				GCC_WARN_ABOUT_RETURN_TYPE = YES_ERROR;
				GCC_WARN_UNDECLARED_SELECTOR = YES;
				GCC_WARN_UNINITIALIZED_AUTOS = YES_AGGRESSIVE;
				GCC_WARN_UNUSED_FUNCTION = YES;
				GCC_WARN_UNUSED_VARIABLE = YES;
				IPHONEOS_DEPLOYMENT_TARGET = 15.2;
				MTL_ENABLE_DEBUG_INFO = INCLUDE_SOURCE;
				MTL_FAST_MATH = YES;
				ONLY_ACTIVE_ARCH = YES;
				SDKROOT = iphoneos;
				SWIFT_ACTIVE_COMPILATION_CONDITIONS = DEBUG;
				SWIFT_OPTIMIZATION_LEVEL = "-Onone";
			};
			name = Debug;
		};
		CDB65A5B29C0B0AD00C17875 /* Release */ = {
			isa = XCBuildConfiguration;
			buildSettings = {
				ALWAYS_SEARCH_USER_PATHS = NO;
				CLANG_ANALYZER_NONNULL = YES;
				CLANG_ANALYZER_NUMBER_OBJECT_CONVERSION = YES_AGGRESSIVE;
				CLANG_CXX_LANGUAGE_STANDARD = "gnu++17";
				CLANG_CXX_LIBRARY = "libc++";
				CLANG_ENABLE_MODULES = YES;
				CLANG_ENABLE_OBJC_ARC = YES;
				CLANG_ENABLE_OBJC_WEAK = YES;
				CLANG_WARN_BLOCK_CAPTURE_AUTORELEASING = YES;
				CLANG_WARN_BOOL_CONVERSION = YES;
				CLANG_WARN_COMMA = YES;
				CLANG_WARN_CONSTANT_CONVERSION = YES;
				CLANG_WARN_DEPRECATED_OBJC_IMPLEMENTATIONS = YES;
				CLANG_WARN_DIRECT_OBJC_ISA_USAGE = YES_ERROR;
				CLANG_WARN_DOCUMENTATION_COMMENTS = YES;
				CLANG_WARN_EMPTY_BODY = YES;
				CLANG_WARN_ENUM_CONVERSION = YES;
				CLANG_WARN_INFINITE_RECURSION = YES;
				CLANG_WARN_INT_CONVERSION = YES;
				CLANG_WARN_NON_LITERAL_NULL_CONVERSION = YES;
				CLANG_WARN_OBJC_IMPLICIT_RETAIN_SELF = YES;
				CLANG_WARN_OBJC_LITERAL_CONVERSION = YES;
				CLANG_WARN_OBJC_ROOT_CLASS = YES_ERROR;
				CLANG_WARN_QUOTED_INCLUDE_IN_FRAMEWORK_HEADER = YES;
				CLANG_WARN_RANGE_LOOP_ANALYSIS = YES;
				CLANG_WARN_STRICT_PROTOTYPES = YES;
				CLANG_WARN_SUSPICIOUS_MOVE = YES;
				CLANG_WARN_UNGUARDED_AVAILABILITY = YES_AGGRESSIVE;
				CLANG_WARN_UNREACHABLE_CODE = YES;
				CLANG_WARN__DUPLICATE_METHOD_MATCH = YES;
				COPY_PHASE_STRIP = NO;
				DEBUG_INFORMATION_FORMAT = "dwarf-with-dsym";
				ENABLE_NS_ASSERTIONS = NO;
				ENABLE_STRICT_OBJC_MSGSEND = YES;
				GCC_C_LANGUAGE_STANDARD = gnu11;
				GCC_NO_COMMON_BLOCKS = YES;
				GCC_WARN_64_TO_32_BIT_CONVERSION = YES;
				GCC_WARN_ABOUT_RETURN_TYPE = YES_ERROR;
				GCC_WARN_UNDECLARED_SELECTOR = YES;
				GCC_WARN_UNINITIALIZED_AUTOS = YES_AGGRESSIVE;
				GCC_WARN_UNUSED_FUNCTION = YES;
				GCC_WARN_UNUSED_VARIABLE = YES;
				IPHONEOS_DEPLOYMENT_TARGET = 15.2;
				MTL_ENABLE_DEBUG_INFO = NO;
				MTL_FAST_MATH = YES;
				SDKROOT = iphoneos;
				SWIFT_COMPILATION_MODE = wholemodule;
				SWIFT_OPTIMIZATION_LEVEL = "-O";
				VALIDATE_PRODUCT = YES;
			};
			name = Release;
		};
		CDB65A5D29C0B0AD00C17875 /* Debug */ = {
			isa = XCBuildConfiguration;
			baseConfigurationReference = 9FF54D614151C7312055B3F0 /* Pods-quizzy.debug.xcconfig */;
			buildSettings = {
				ASSETCATALOG_COMPILER_APPICON_NAME = AppIcon;
				ASSETCATALOG_COMPILER_GLOBAL_ACCENT_COLOR_NAME = AccentColor;
				CODE_SIGN_STYLE = Automatic;
				CURRENT_PROJECT_VERSION = 1;
				GENERATE_INFOPLIST_FILE = YES;
				INFOPLIST_FILE = quizzy/Info.plist;
				INFOPLIST_KEY_UIApplicationSupportsIndirectInputEvents = YES;
				INFOPLIST_KEY_UILaunchStoryboardName = LaunchScreen;
				INFOPLIST_KEY_UIMainStoryboardFile = Main;
				INFOPLIST_KEY_UISupportedInterfaceOrientations_iPad = "UIInterfaceOrientationPortrait UIInterfaceOrientationPortraitUpsideDown UIInterfaceOrientationLandscapeLeft UIInterfaceOrientationLandscapeRight";
				INFOPLIST_KEY_UISupportedInterfaceOrientations_iPhone = "UIInterfaceOrientationPortrait UIInterfaceOrientationLandscapeLeft UIInterfaceOrientationLandscapeRight";
				LD_RUNPATH_SEARCH_PATHS = (
					"$(inherited)",
					"@executable_path/Frameworks",
				);
				MARKETING_VERSION = 1.0;
				PRODUCT_BUNDLE_IDENTIFIER = d.ibrokhimov.quizzy;
				PRODUCT_NAME = "$(TARGET_NAME)";
				SWIFT_EMIT_LOC_STRINGS = YES;
				SWIFT_VERSION = 5.0;
				TARGETED_DEVICE_FAMILY = "1,2";
			};
			name = Debug;
		};
		CDB65A5E29C0B0AD00C17875 /* Release */ = {
			isa = XCBuildConfiguration;
			baseConfigurationReference = D8FC019D3C059457153E991D /* Pods-quizzy.release.xcconfig */;
			buildSettings = {
				ASSETCATALOG_COMPILER_APPICON_NAME = AppIcon;
				ASSETCATALOG_COMPILER_GLOBAL_ACCENT_COLOR_NAME = AccentColor;
				CODE_SIGN_STYLE = Automatic;
				CURRENT_PROJECT_VERSION = 1;
				GENERATE_INFOPLIST_FILE = YES;
				INFOPLIST_FILE = quizzy/Info.plist;
				INFOPLIST_KEY_UIApplicationSupportsIndirectInputEvents = YES;
				INFOPLIST_KEY_UILaunchStoryboardName = LaunchScreen;
				INFOPLIST_KEY_UIMainStoryboardFile = Main;
				INFOPLIST_KEY_UISupportedInterfaceOrientations_iPad = "UIInterfaceOrientationPortrait UIInterfaceOrientationPortraitUpsideDown UIInterfaceOrientationLandscapeLeft UIInterfaceOrientationLandscapeRight";
				INFOPLIST_KEY_UISupportedInterfaceOrientations_iPhone = "UIInterfaceOrientationPortrait UIInterfaceOrientationLandscapeLeft UIInterfaceOrientationLandscapeRight";
				LD_RUNPATH_SEARCH_PATHS = (
					"$(inherited)",
					"@executable_path/Frameworks",
				);
				MARKETING_VERSION = 1.0;
				PRODUCT_BUNDLE_IDENTIFIER = d.ibrokhimov.quizzy;
				PRODUCT_NAME = "$(TARGET_NAME)";
				SWIFT_EMIT_LOC_STRINGS = YES;
				SWIFT_VERSION = 5.0;
				TARGETED_DEVICE_FAMILY = "1,2";
			};
			name = Release;
		};
/* End XCBuildConfiguration section */

/* Begin XCConfigurationList section */
		CDB65A4329C0B0AC00C17875 /* Build configuration list for PBXProject "quizzy" */ = {
			isa = XCConfigurationList;
			buildConfigurations = (
				CDB65A5A29C0B0AD00C17875 /* Debug */,
				CDB65A5B29C0B0AD00C17875 /* Release */,
			);
			defaultConfigurationIsVisible = 0;
			defaultConfigurationName = Release;
		};
		CDB65A5C29C0B0AD00C17875 /* Build configuration list for PBXNativeTarget "quizzy" */ = {
			isa = XCConfigurationList;
			buildConfigurations = (
				CDB65A5D29C0B0AD00C17875 /* Debug */,
				CDB65A5E29C0B0AD00C17875 /* Release */,
			);
			defaultConfigurationIsVisible = 0;
			defaultConfigurationName = Release;
		};
/* End XCConfigurationList section */
	};
	rootObject = CDB65A4029C0B0AC00C17875 /* Project object */;
}
